# THIS IS AN AUTOGENERATED FILE. DO NOT EDIT THIS FILE DIRECTLY.
# yarn lockfile v1


turbo-darwin-64@1.0.25:
  version "1.0.25"
  resolved "https://registry.yarnpkg.com/turbo-darwin-64/-/turbo-darwin-64-1.0.25.tgz#0303c47bb18f1eedcff7d0afcf00918509df4f24"
  integrity sha512-t2nCH12StJtzhhKjH3uXHpOfYABI4a+UV4s3hVUyyWYx8S+F2HFggZjvaRKY4S8nuKlT92ak5dlQl+9tqxIr9w==

turbo-darwin-arm64@1.0.25:
  version "1.0.25"
  resolved "https://registry.yarnpkg.com/turbo-darwin-arm64/-/turbo-darwin-arm64-1.0.25.tgz#c0cbdd839eb767885f85497c00e4acd84c089271"
  integrity sha512-YFn70QpvrSQevkEEySmhp5re6Pc2GD/JtG88my5NklYvlFe+GR9a81iodew4q4RYSRDsyFsYcuEafdxPYk4ZOw==

turbo-freebsd-64@1.0.25:
  version "1.0.25"
  resolved "https://registry.yarnpkg.com/turbo-freebsd-64/-/turbo-freebsd-64-1.0.25.tgz#aa1c8b63d04cb56aab1dac817f9416b547575e26"
  integrity sha512-LR+/W4ZSAipJYkAz+jG0Pv8KVt3fj3UcMYrBLtzipCciKNeM0NDxjGWuBu0znl3iBcWthDFyZnqhQkyzOR5r5w==

turbo-freebsd-arm64@1.0.25:
  version "1.0.25"
  resolved "https://registry.yarnpkg.com/turbo-freebsd-arm64/-/turbo-freebsd-arm64-1.0.25.tgz#2dc972b83e0d8c0f54347dd654fb68a869ca1e00"
  integrity sha512-kOZUssnJOhvA737BUi6yypgN0vyAAiLKTWSQp9qUOpbPD8JzeiyGZeAvLLu8L9ASs2yLNcVXckCO6mclI6XuYw==

turbo-linux-32@1.0.25:
  version "1.0.25"
  resolved "https://registry.yarnpkg.com/turbo-linux-32/-/turbo-linux-32-1.0.25.tgz#e675a40ab114c6edbb9a53dad211c64ceb8c24c4"
  integrity sha512-HJtiXRH2PkHLO71kya/gAX+qEdgZlawzj0DYJqTu+VfmO/dCyH0X+BPWmvQ8cEFEp/CQhnRxpIq9EZnxH0T6wA==

turbo-linux-64@1.0.25:
  version "1.0.25"
  resolved "https://registry.yarnpkg.com/turbo-linux-64/-/turbo-linux-64-1.0.25.tgz#2fedf318ad14cc2bb1a7d260913af8b66ca1868b"
  integrity sha512-PLE99SHwN6eDJHnN9v4iGOYDh6v9JrKr8keA3esa3c0kZVO5Y5qge7uyEOx04DHDZxB7/FyUke4ZqeLDk86AZQ==

turbo-linux-arm64@1.0.25:
  version "1.0.25"
  resolved "https://registry.yarnpkg.com/turbo-linux-arm64/-/turbo-linux-arm64-1.0.25.tgz#223e153809dd83e28d7005635ea4da7b7f9cfe20"
  integrity sha512-hbrX/NDTt/jReovbbulp/Tsv/tEBc380Un5QjauvgJzpP1kPQGrVCEN/gDcdH49cbhx/yT4FkXkDU8uqRxvsVA==

turbo-linux-arm@1.0.25:
  version "1.0.25"
  resolved "https://registry.yarnpkg.com/turbo-linux-arm/-/turbo-linux-arm-1.0.25.tgz#d7a3621f07cee83eca7def960836ae15124f2a7c"
  integrity sha512-KX1lLOzDZLNxjx9xPqXh1nmZAu5YxegW1oGEc7/gw/rz8Q7AaDSgfIXPH2tFcsPImnMv/HXiw+jDd3yDRkrptQ==

turbo-linux-mips64le@1.0.25:
  version "1.0.25"
  resolved "https://registry.yarnpkg.com/turbo-linux-mips64le/-/turbo-linux-mips64le-1.0.25.tgz#daaf71ef6a3d47f0b8937163ad1e1298e163a628"
  integrity sha512-3m+g6J8lmKSTLfv8c8KAUZsayQfHx7td3mrl+yVp6CDuRRFVzyAJQOwaT9dexPmtsJoB9ntdaq7RTM2hU189dw==

turbo-linux-ppc64le@1.0.25:
  version "1.0.25"
  resolved "https://registry.yarnpkg.com/turbo-linux-ppc64le/-/turbo-linux-ppc64le-1.0.25.tgz#5ddfb15a39ac4ea495aadb3a1fd2f815b0f96be6"
  integrity sha512-RVhXsCU2ansQxQ8FXMqM4LfVsZNM3mp3VNNN1O1V15GM80N0Z75RS9XFscaoJ0RHw9EYQLAYNkU5+VIFHhRrdg==

turbo-windows-32@1.0.25:
  version "1.0.25"
  resolved "https://registry.yarnpkg.com/turbo-windows-32/-/turbo-windows-32-1.0.25.tgz#c4a394523e8814c1975ff07295f0072035b9614c"
  integrity sha512-Ram11ximJQHmQLjFi+psKJB1EZR1PdYtMUxGBAAeuW0U+wpY9O/F2daEIvkoJUwzxtRnlK8wVJ7T5Y1ikKfIlQ==

turbo-windows-64@1.0.25:
  version "1.0.25"
  resolved "https://registry.yarnpkg.com/turbo-windows-64/-/turbo-windows-64-1.0.25.tgz#109388723236efb506f1f6c378435496a21231ad"
  integrity sha512-gjJLgGOu0HHuluu6/KSluH9GYINvfM3djZ/WPcg5V+zk4asibwVwqM4/GtA0meexD+GbKgEu10dutd1D7HSUiA==

turbo@^1.0.25:
  version "1.0.25"
  resolved "https://registry.yarnpkg.com/turbo/-/turbo-1.0.25.tgz#477bb50b48397da54f8ae0df68dce13f9d97b921"
  integrity sha512-HpbDRMrS3dtcDQgMroajJvcRc5X7jmxoaxeifuALPyiifNDC0GMovbSdALLSmSGeyZmb+zp5+QMn0AsZ9EBLxQ==
  optionalDependencies:
    turbo-darwin-64 "1.0.25"
    turbo-darwin-arm64 "1.0.25"
    turbo-freebsd-64 "1.0.25"
    turbo-freebsd-arm64 "1.0.25"
    turbo-linux-32 "1.0.25"
    turbo-linux-64 "1.0.25"
    turbo-linux-arm "1.0.25"
    turbo-linux-arm64 "1.0.25"
    turbo-linux-mips64le "1.0.25"
    turbo-linux-ppc64le "1.0.25"
    turbo-windows-32 "1.0.25"
    turbo-windows-64 "1.0.25"
